
Microsoft Visual Studio Solution File, Format Version 12.00
# Visual Studio Version 16
VisualStudioVersion = 16.0.31410.357
MinimumVisualStudioVersion = 10.0.40219.1
Project("{9A19103F-16F7-4668-BE54-9A1E7A4F7556}") = "WebApplication", "WebApplication\WebApplication.csproj", "{744924F0-FF7B-4F5E-8104-81F264C8BC8A}"
EndProject
Project("{9A19103F-16F7-4668-BE54-9A1E7A4F7556}") = "TravellingSalesmanProblem", "TravellingSalesmanProblem\TravellingSalesmanProblem.csproj", "{3EC73D2C-C347-4B9C-BAA2-B2F857653B05}"
EndProject
Project("{2150E333-8FDC-42A3-9474-1A3956D46DE8}") = "Solution Items", "Solution Items", "{63CE58D6-2847-4980-99F8-E8E6440444AA}"
	ProjectSection(SolutionItems) = preProject
		.editorconfig = .editorconfig
	EndProjectSection
EndProject
Project("{9A19103F-16F7-4668-BE54-9A1E7A4F7556}") = "ChartData", "ChartData\ChartData.csproj", "{12301085-AA5B-4CCB-8846-BA5BE718AFD8}"
EndProject
Global
	GlobalSection(SolutionConfigurationPlatforms) = preSolution
		Debug|Any CPU = Debug|Any CPU
		Release|Any CPU = Release|Any CPU
	EndGlobalSection
	GlobalSection(ProjectConfigurationPlatforms) = postSolution
		{744924F0-FF7B-4F5E-8104-81F264C8BC8A}.Debug|Any CPU.ActiveCfg = Debug|Any CPU
		{744924F0-FF7B-4F5E-8104-81F264C8BC8A}.Debug|Any CPU.Build.0 = Debug|Any CPU
		{744924F0-FF7B-4F5E-8104-81F264C8BC8A}.Release|Any CPU.ActiveCfg = Release|Any CPU
		{744924F0-FF7B-4F5E-8104-81F264C8BC8A}.Release|Any CPU.Build.0 = Release|Any CPU
		{3EC73D2C-C347-4B9C-BAA2-B2F857653B05}.Debug|Any CPU.ActiveCfg = Debug|Any CPU
		{3EC73D2C-C347-4B9C-BAA2-B2F857653B05}.Debug|Any CPU.Build.0 = Debug|Any CPU
		{3EC73D2C-C347-4B9C-BAA2-B2F857653B05}.Release|Any CPU.ActiveCfg = Release|Any CPU
		{3EC73D2C-C347-4B9C-BAA2-B2F857653B05}.Release|Any CPU.Build.0 = Release|Any CPU
		{12301085-AA5B-4CCB-8846-BA5BE718AFD8}.Debug|Any CPU.ActiveCfg = Debug|Any CPU
		{12301085-AA5B-4CCB-8846-BA5BE718AFD8}.Debug|Any CPU.Build.0 = Debug|Any CPU
		{12301085-AA5B-4CCB-8846-BA5BE718AFD8}.Release|Any CPU.ActiveCfg = Release|Any CPU
		{12301085-AA5B-4CCB-8846-BA5BE718AFD8}.Release|Any CPU.Build.0 = Release|Any CPU
	EndGlobalSection
	GlobalSection(SolutionProperties) = preSolution
		HideSolutionNode = FALSE
	EndGlobalSection
	GlobalSection(ExtensibilityGlobals) = postSolution
		SolutionGuid = {A94013F6-DAD6-4488-BF20-95891C291EF0}
	EndGlobalSection
EndGlobal
